
Microsoft Visual Studio Solution File, Format Version 10.00
# Visual Studio 2008
Project("{F184B08F-C81C-45F6-A57F-5ABD9991F28F}") = "QuizTab Ver 2.0", "QuizTab Ver 2.0\QuizTab Ver 2.0.vbproj", "{A08366F5-3078-4BD7-BE22-4CC2562ED02F}"
EndProject
Global
	GlobalSection(SolutionConfigurationPlatforms) = preSolution
		Debug|Any CPU = Debug|Any CPU
		Release|Any CPU = Release|Any CPU
	EndGlobalSection
	GlobalSection(ProjectConfigurationPlatforms) = postSolution
		{A08366F5-3078-4BD7-BE22-4CC2562ED02F}.Debug|Any CPU.ActiveCfg = Debug|Any CPU
		{A08366F5-3078-4BD7-BE22-4CC2562ED02F}.Debug|Any CPU.Build.0 = Debug|Any CPU
		{A08366F5-3078-4BD7-BE22-4CC2562ED02F}.Release|Any CPU.ActiveCfg = Release|Any CPU
		{A08366F5-3078-4BD7-BE22-4CC2562ED02F}.Release|Any CPU.Build.0 = Release|Any CPU
	EndGlobalSection
	GlobalSection(SolutionProperties) = preSolution
		HideSolutionNode = FALSE
	EndGlobalSection
EndGlobal
